{
  "version": 4,
  "terraform_version": "0.12.0",
  "serial": 3,
  "lineage": "2a2ab4d0-c53f-0d1a-9dff-ab6a198f1979",
  "outputs": {},
  "resources": [
    {
      "mode": "data",
      "type": "digitalocean_droplet_snapshot",
      "name": "ubuntu2004-packer-image",
      "provider": "provider.digitalocean",
      "instances": [
        {
          "schema_version": 0,
          "attributes": {
            "created_at": "2020-11-04T00:35:13Z",
            "droplet_id": "215226065",
            "id": "72866219",
            "min_disk_size": 25,
            "most_recent": true,
            "name": "ubuntu2004-packer-1604449986",
            "name_regex": "^ubuntu2004-packer",
            "region": "nyc1",
            "regions": [
              "nyc1"
            ],
            "size": 1.71
          }
        }
      ]
    },
    {
      "mode": "managed",
      "type": "digitalocean_droplet",
      "name": "server-by-terrraform",
      "provider": "provider.digitalocean",
      "instances": [
        {
          "schema_version": 1,
          "attributes": {
            "backups": false,
            "created_at": "2020-11-04T00:37:45Z",
            "disk": 25,
            "id": "215226463",
            "image": "72866219",
            "ipv4_address": "161.35.103.255",
            "ipv4_address_private": "10.116.0.2",
            "ipv6": false,
            "ipv6_address": "",
            "locked": false,
            "memory": 1024,
            "monitoring": true,
            "name": "server-by-terraform",
            "price_hourly": 0.00744,
            "price_monthly": 5,
            "private_networking": true,
            "region": "nyc1",
            "resize_disk": true,
            "size": "s-1vcpu-1gb",
            "ssh_keys": [
              "1632017"
            ],
            "status": "active",
            "tags": null,
            "urn": "do:droplet:215226463",
            "user_data": null,
            "vcpus": 1,
            "volume_ids": [],
            "vpc_uuid": "ef9c297d-fa78-45aa-b266-511e3bec9a88"
          },
          "depends_on": [
            "data.digitalocean_droplet_snapshot.ubuntu2004-packer-image"
          ]
        }
      ]
    }
  ]
}
